// !$*UTF8*$!
{
	archiveVersion = 1;
	classes = {
	};
	objectVersion = 55;
	objects = {

/* Begin PBXBuildFile section */
		F17743B570B78F58EDB2B8AE /* Pods_MoneyManagerDemo.framework in Frameworks */ = {isa = PBXBuildFile; fileRef = ABC5B2F5262D313C7A65C5D0 /* Pods_MoneyManagerDemo.framework */; };
		F928D820272A7DFF0013DC31 /* AppDelegate.swift in Sources */ = {isa = PBXBuildFile; fileRef = F928D81F272A7DFF0013DC31 /* AppDelegate.swift */; };
		F928D822272A7DFF0013DC31 /* SceneDelegate.swift in Sources */ = {isa = PBXBuildFile; fileRef = F928D821272A7DFF0013DC31 /* SceneDelegate.swift */; };
		F928D824272A7DFF0013DC31 /* ViewController.swift in Sources */ = {isa = PBXBuildFile; fileRef = F928D823272A7DFF0013DC31 /* ViewController.swift */; };
		F928D827272A7DFF0013DC31 /* Main.storyboard in Resources */ = {isa = PBXBuildFile; fileRef = F928D825272A7DFF0013DC31 /* Main.storyboard */; };
		F928D829272A7E020013DC31 /* Assets.xcassets in Resources */ = {isa = PBXBuildFile; fileRef = F928D828272A7E020013DC31 /* Assets.xcassets */; };
		F928D82C272A7E020013DC31 /* LaunchScreen.storyboard in Resources */ = {isa = PBXBuildFile; fileRef = F928D82A272A7E020013DC31 /* LaunchScreen.storyboard */; };
		F928D838272A80060013DC31 /* CustomOverlay.xib in Resources */ = {isa = PBXBuildFile; fileRef = F928D833272A80050013DC31 /* CustomOverlay.xib */; };
		F928D839272A80060013DC31 /* CustomOverlay.swift in Sources */ = {isa = PBXBuildFile; fileRef = F928D834272A80050013DC31 /* CustomOverlay.swift */; };
		F928D83B272A80060013DC31 /* CustomPage.xib in Resources */ = {isa = PBXBuildFile; fileRef = F928D836272A80050013DC31 /* CustomPage.xib */; };
		F928D83C272A80060013DC31 /* CustomPage.swift in Sources */ = {isa = PBXBuildFile; fileRef = F928D837272A80060013DC31 /* CustomPage.swift */; };
		F928D87F272A811C0013DC31 /* Lato-Bold.ttf in Resources */ = {isa = PBXBuildFile; fileRef = F928D87C272A811C0013DC31 /* Lato-Bold.ttf */; };
		F928D880272A811C0013DC31 /* Lato-Heavy.ttf in Resources */ = {isa = PBXBuildFile; fileRef = F928D87D272A811C0013DC31 /* Lato-Heavy.ttf */; };
		F928D881272A811C0013DC31 /* Lato-Regular.ttf in Resources */ = {isa = PBXBuildFile; fileRef = F928D87E272A811C0013DC31 /* Lato-Regular.ttf */; };
		F928D886272A90310013DC31 /* OnBoardViewController.swift in Sources */ = {isa = PBXBuildFile; fileRef = F928D885272A90310013DC31 /* OnBoardViewController.swift */; };
		F928D888272A95F50013DC31 /* OnBoardViewController.storyboard in Resources */ = {isa = PBXBuildFile; fileRef = F928D887272A95F50013DC31 /* OnBoardViewController.storyboard */; };
/* End PBXBuildFile section */

/* Begin PBXFileReference section */
		ABC5B2F5262D313C7A65C5D0 /* Pods_MoneyManagerDemo.framework */ = {isa = PBXFileReference; explicitFileType = wrapper.framework; includeInIndex = 0; path = Pods_MoneyManagerDemo.framework; sourceTree = BUILT_PRODUCTS_DIR; };
		B370E2C218DE3FC2F44D832C /* Pods-MoneyManagerDemo.release.xcconfig */ = {isa = PBXFileReference; includeInIndex = 1; lastKnownFileType = text.xcconfig; name = "Pods-MoneyManagerDemo.release.xcconfig"; path = "Target Support Files/Pods-MoneyManagerDemo/Pods-MoneyManagerDemo.release.xcconfig"; sourceTree = "<group>"; };
		DB9740283C8AEEE38D8E3CE8 /* Pods-MoneyManagerDemo.debug.xcconfig */ = {isa = PBXFileReference; includeInIndex = 1; lastKnownFileType = text.xcconfig; name = "Pods-MoneyManagerDemo.debug.xcconfig"; path = "Target Support Files/Pods-MoneyManagerDemo/Pods-MoneyManagerDemo.debug.xcconfig"; sourceTree = "<group>"; };
		F928D81C272A7DFF0013DC31 /* MoneyManagerDemo.app */ = {isa = PBXFileReference; explicitFileType = wrapper.application; includeInIndex = 0; path = MoneyManagerDemo.app; sourceTree = BUILT_PRODUCTS_DIR; };
		F928D81F272A7DFF0013DC31 /* AppDelegate.swift */ = {isa = PBXFileReference; lastKnownFileType = sourcecode.swift; path = AppDelegate.swift; sourceTree = "<group>"; };
		F928D821272A7DFF0013DC31 /* SceneDelegate.swift */ = {isa = PBXFileReference; lastKnownFileType = sourcecode.swift; path = SceneDelegate.swift; sourceTree = "<group>"; };
		F928D823272A7DFF0013DC31 /* ViewController.swift */ = {isa = PBXFileReference; lastKnownFileType = sourcecode.swift; path = ViewController.swift; sourceTree = "<group>"; };
		F928D826272A7DFF0013DC31 /* Base */ = {isa = PBXFileReference; lastKnownFileType = file.storyboard; name = Base; path = Base.lproj/Main.storyboard; sourceTree = "<group>"; };
		F928D828272A7E020013DC31 /* Assets.xcassets */ = {isa = PBXFileReference; lastKnownFileType = folder.assetcatalog; path = Assets.xcassets; sourceTree = "<group>"; };
		F928D82B272A7E020013DC31 /* Base */ = {isa = PBXFileReference; lastKnownFileType = file.storyboard; name = Base; path = Base.lproj/LaunchScreen.storyboard; sourceTree = "<group>"; };
		F928D82D272A7E020013DC31 /* Info.plist */ = {isa = PBXFileReference; lastKnownFileType = text.plist.xml; path = Info.plist; sourceTree = "<group>"; };
		F928D833272A80050013DC31 /* CustomOverlay.xib */ = {isa = PBXFileReference; fileEncoding = 4; lastKnownFileType = file.xib; path = CustomOverlay.xib; sourceTree = "<group>"; };
		F928D834272A80050013DC31 /* CustomOverlay.swift */ = {isa = PBXFileReference; fileEncoding = 4; lastKnownFileType = sourcecode.swift; path = CustomOverlay.swift; sourceTree = "<group>"; };
		F928D836272A80050013DC31 /* CustomPage.xib */ = {isa = PBXFileReference; fileEncoding = 4; lastKnownFileType = file.xib; path = CustomPage.xib; sourceTree = "<group>"; };
		F928D837272A80060013DC31 /* CustomPage.swift */ = {isa = PBXFileReference; fileEncoding = 4; lastKnownFileType = sourcecode.swift; path = CustomPage.swift; sourceTree = "<group>"; };
		F928D87C272A811C0013DC31 /* Lato-Bold.ttf */ = {isa = PBXFileReference; lastKnownFileType = file; name = "Lato-Bold.ttf"; path = "../../../../SwiftyOnboard/Example/SwiftyOnboardExample/Lato-Bold.ttf"; sourceTree = "<group>"; };
		F928D87D272A811C0013DC31 /* Lato-Heavy.ttf */ = {isa = PBXFileReference; lastKnownFileType = file; name = "Lato-Heavy.ttf"; path = "../../../../SwiftyOnboard/Example/SwiftyOnboardExample/Lato-Heavy.ttf"; sourceTree = "<group>"; };
		F928D87E272A811C0013DC31 /* Lato-Regular.ttf */ = {isa = PBXFileReference; lastKnownFileType = file; name = "Lato-Regular.ttf"; path = "../../../../SwiftyOnboard/Example/SwiftyOnboardExample/Lato-Regular.ttf"; sourceTree = "<group>"; };
		F928D885272A90310013DC31 /* OnBoardViewController.swift */ = {isa = PBXFileReference; lastKnownFileType = sourcecode.swift; path = OnBoardViewController.swift; sourceTree = "<group>"; };
		F928D887272A95F50013DC31 /* OnBoardViewController.storyboard */ = {isa = PBXFileReference; lastKnownFileType = file.storyboard; path = OnBoardViewController.storyboard; sourceTree = "<group>"; };
/* End PBXFileReference section */

/* Begin PBXFrameworksBuildPhase section */
		F928D819272A7DFF0013DC31 /* Frameworks */ = {
			isa = PBXFrameworksBuildPhase;
			buildActionMask = 2147483647;
			files = (
				F17743B570B78F58EDB2B8AE /* Pods_MoneyManagerDemo.framework in Frameworks */,
			);
			runOnlyForDeploymentPostprocessing = 0;
		};
/* End PBXFrameworksBuildPhase section */

/* Begin PBXGroup section */
		55C685C07BC7147BF9B685B5 /* Pods */ = {
			isa = PBXGroup;
			children = (
				DB9740283C8AEEE38D8E3CE8 /* Pods-MoneyManagerDemo.debug.xcconfig */,
				B370E2C218DE3FC2F44D832C /* Pods-MoneyManagerDemo.release.xcconfig */,
			);
			path = Pods;
			sourceTree = "<group>";
		};
		E5696E29CDE715F2660003C9 /* Frameworks */ = {
			isa = PBXGroup;
			children = (
				ABC5B2F5262D313C7A65C5D0 /* Pods_MoneyManagerDemo.framework */,
			);
			name = Frameworks;
			sourceTree = "<group>";
		};
		F928D813272A7DFF0013DC31 = {
			isa = PBXGroup;
			children = (
				F928D81E272A7DFF0013DC31 /* MoneyManagerDemo */,
				F928D81D272A7DFF0013DC31 /* Products */,
				55C685C07BC7147BF9B685B5 /* Pods */,
				E5696E29CDE715F2660003C9 /* Frameworks */,
			);
			sourceTree = "<group>";
		};
		F928D81D272A7DFF0013DC31 /* Products */ = {
			isa = PBXGroup;
			children = (
				F928D81C272A7DFF0013DC31 /* MoneyManagerDemo.app */,
			);
			name = Products;
			sourceTree = "<group>";
		};
		F928D81E272A7DFF0013DC31 /* MoneyManagerDemo */ = {
			isa = PBXGroup;
			children = (
				F928D884272A8F6E0013DC31 /* View Controller */,
				F928D883272A8F5F0013DC31 /* View */,
				F928D87B272A810E0013DC31 /* Fonts */,
				F928D81F272A7DFF0013DC31 /* AppDelegate.swift */,
				F928D821272A7DFF0013DC31 /* SceneDelegate.swift */,
				F928D828272A7E020013DC31 /* Assets.xcassets */,
				F928D82D272A7E020013DC31 /* Info.plist */,
			);
			path = MoneyManagerDemo;
			sourceTree = "<group>";
		};
		F928D87B272A810E0013DC31 /* Fonts */ = {
			isa = PBXGroup;
			children = (
				F928D87C272A811C0013DC31 /* Lato-Bold.ttf */,
				F928D87D272A811C0013DC31 /* Lato-Heavy.ttf */,
				F928D87E272A811C0013DC31 /* Lato-Regular.ttf */,
			);
			path = Fonts;
			sourceTree = "<group>";
		};
		F928D883272A8F5F0013DC31 /* View */ = {
			isa = PBXGroup;
			children = (
				F928D825272A7DFF0013DC31 /* Main.storyboard */,
				F928D82A272A7E020013DC31 /* LaunchScreen.storyboard */,
				F928D833272A80050013DC31 /* CustomOverlay.xib */,
				F928D836272A80050013DC31 /* CustomPage.xib */,
				F928D887272A95F50013DC31 /* OnBoardViewController.storyboard */,
			);
			path = View;
			sourceTree = "<group>";
		};
		F928D884272A8F6E0013DC31 /* View Controller */ = {
			isa = PBXGroup;
			children = (
				F928D823272A7DFF0013DC31 /* ViewController.swift */,
				F9D83A68272BAA3000B581EB /* Onboarding */,
			);
			path = "View Controller";
			sourceTree = "<group>";
		};
		F9D83A68272BAA3000B581EB /* Onboarding */ = {
			isa = PBXGroup;
			children = (
				F928D885272A90310013DC31 /* OnBoardViewController.swift */,
				F928D834272A80050013DC31 /* CustomOverlay.swift */,
				F928D837272A80060013DC31 /* CustomPage.swift */,
			);
			path = Onboarding;
			sourceTree = "<group>";
		};
/* End PBXGroup section */

/* Begin PBXNativeTarget section */
		F928D81B272A7DFF0013DC31 /* MoneyManagerDemo */ = {
			isa = PBXNativeTarget;
			buildConfigurationList = F928D830272A7E020013DC31 /* Build configuration list for PBXNativeTarget "MoneyManagerDemo" */;
			buildPhases = (
				C02BD652081D9DB9EA9ADF12 /* [CP] Check Pods Manifest.lock */,
				F928D818272A7DFF0013DC31 /* Sources */,
				F928D819272A7DFF0013DC31 /* Frameworks */,
				F928D81A272A7DFF0013DC31 /* Resources */,
				B933B31F90E09EACC0D1B141 /* [CP] Embed Pods Frameworks */,
			);
			buildRules = (
			);
			dependencies = (
			);
			name = MoneyManagerDemo;
			productName = MoneyManagerDemo;
			productReference = F928D81C272A7DFF0013DC31 /* MoneyManagerDemo.app */;
			productType = "com.apple.product-type.application";
		};
/* End PBXNativeTarget section */

/* Begin PBXProject section */
		F928D814272A7DFF0013DC31 /* Project object */ = {
			isa = PBXProject;
			attributes = {
				BuildIndependentTargetsInParallel = 1;
				LastSwiftUpdateCheck = 1310;
				LastUpgradeCheck = 1310;
				TargetAttributes = {
					F928D81B272A7DFF0013DC31 = {
						CreatedOnToolsVersion = 13.1;
					};
				};
			};
			buildConfigurationList = F928D817272A7DFF0013DC31 /* Build configuration list for PBXProject "MoneyManagerDemo" */;
			compatibilityVersion = "Xcode 13.0";
			developmentRegion = en;
			hasScannedForEncodings = 0;
			knownRegions = (
				en,
				Base,
			);
			mainGroup = F928D813272A7DFF0013DC31;
			productRefGroup = F928D81D272A7DFF0013DC31 /* Products */;
			projectDirPath = "";
			projectRoot = "";
			targets = (
				F928D81B272A7DFF0013DC31 /* MoneyManagerDemo */,
			);
		};
/* End PBXProject section */

/* Begin PBXResourcesBuildPhase section */
		F928D81A272A7DFF0013DC31 /* Resources */ = {
			isa = PBXResourcesBuildPhase;
			buildActionMask = 2147483647;
			files = (
				F928D880272A811C0013DC31 /* Lato-Heavy.ttf in Resources */,
				F928D82C272A7E020013DC31 /* LaunchScreen.storyboard in Resources */,
				F928D87F272A811C0013DC31 /* Lato-Bold.ttf in Resources */,
				F928D881272A811C0013DC31 /* Lato-Regular.ttf in Resources */,
				F928D829272A7E020013DC31 /* Assets.xcassets in Resources */,
				F928D888272A95F50013DC31 /* OnBoardViewController.storyboard in Resources */,
				F928D83B272A80060013DC31 /* CustomPage.xib in Resources */,
				F928D827272A7DFF0013DC31 /* Main.storyboard in Resources */,
				F928D838272A80060013DC31 /* CustomOverlay.xib in Resources */,
			);
			runOnlyForDeploymentPostprocessing = 0;
		};
/* End PBXResourcesBuildPhase section */

/* Begin PBXShellScriptBuildPhase section */
		B933B31F90E09EACC0D1B141 /* [CP] Embed Pods Frameworks */ = {
			isa = PBXShellScriptBuildPhase;
			buildActionMask = 2147483647;
			files = (
			);
			inputFileListPaths = (
				"${PODS_ROOT}/Target Support Files/Pods-MoneyManagerDemo/Pods-MoneyManagerDemo-frameworks-${CONFIGURATION}-input-files.xcfilelist",
			);
			name = "[CP] Embed Pods Frameworks";
			outputFileListPaths = (
				"${PODS_ROOT}/Target Support Files/Pods-MoneyManagerDemo/Pods-MoneyManagerDemo-frameworks-${CONFIGURATION}-output-files.xcfilelist",
			);
			runOnlyForDeploymentPostprocessing = 0;
			shellPath = /bin/sh;
			shellScript = "\"${PODS_ROOT}/Target Support Files/Pods-MoneyManagerDemo/Pods-MoneyManagerDemo-frameworks.sh\"\n";
			showEnvVarsInLog = 0;
		};
		C02BD652081D9DB9EA9ADF12 /* [CP] Check Pods Manifest.lock */ = {
			isa = PBXShellScriptBuildPhase;
			buildActionMask = 2147483647;
			files = (
			);
			inputFileListPaths = (
			);
			inputPaths = (
				"${PODS_PODFILE_DIR_PATH}/Podfile.lock",
				"${PODS_ROOT}/Manifest.lock",
			);
			name = "[CP] Check Pods Manifest.lock";
			outputFileListPaths = (
			);
			outputPaths = (
				"$(DERIVED_FILE_DIR)/Pods-MoneyManagerDemo-checkManifestLockResult.txt",
			);
			runOnlyForDeploymentPostprocessing = 0;
			shellPath = /bin/sh;
			shellScript = "diff \"${PODS_PODFILE_DIR_PATH}/Podfile.lock\" \"${PODS_ROOT}/Manifest.lock\" > /dev/null\nif [ $? != 0 ] ; then\n    # print error to STDERR\n    echo \"error: The sandbox is not in sync with the Podfile.lock. Run 'pod install' or update your CocoaPods installation.\" >&2\n    exit 1\nfi\n# This output is used by Xcode 'outputs' to avoid re-running this script phase.\necho \"SUCCESS\" > \"${SCRIPT_OUTPUT_FILE_0}\"\n";
			showEnvVarsInLog = 0;
		};
/* End PBXShellScriptBuildPhase section */

/* Begin PBXSourcesBuildPhase section */
		F928D818272A7DFF0013DC31 /* Sources */ = {
			isa = PBXSourcesBuildPhase;
			buildActionMask = 2147483647;
			files = (
				F928D824272A7DFF0013DC31 /* ViewController.swift in Sources */,
				F928D820272A7DFF0013DC31 /* AppDelegate.swift in Sources */,
				F928D822272A7DFF0013DC31 /* SceneDelegate.swift in Sources */,
				F928D839272A80060013DC31 /* CustomOverlay.swift in Sources */,
				F928D83C272A80060013DC31 /* CustomPage.swift in Sources */,
				F928D886272A90310013DC31 /* OnBoardViewController.swift in Sources */,
			);
			runOnlyForDeploymentPostprocessing = 0;
		};
/* End PBXSourcesBuildPhase section */

/* Begin PBXVariantGroup section */
		F928D825272A7DFF0013DC31 /* Main.storyboard */ = {
			isa = PBXVariantGroup;
			children = (
				F928D826272A7DFF0013DC31 /* Base */,
			);
			name = Main.storyboard;
			sourceTree = "<group>";
		};
		F928D82A272A7E020013DC31 /* LaunchScreen.storyboard */ = {
			isa = PBXVariantGroup;
			children = (
				F928D82B272A7E020013DC31 /* Base */,
			);
			name = LaunchScreen.storyboard;
			sourceTree = "<group>";
		};
/* End PBXVariantGroup section */

/* Begin XCBuildConfiguration section */
		F928D82E272A7E020013DC31 /* Debug */ = {
			isa = XCBuildConfiguration;
			buildSettings = {
				ALWAYS_SEARCH_USER_PATHS = NO;
				CLANG_ANALYZER_NONNULL = YES;
				CLANG_ANALYZER_NUMBER_OBJECT_CONVERSION = YES_AGGRESSIVE;
				CLANG_CXX_LANGUAGE_STANDARD = "gnu++17";
				CLANG_CXX_LIBRARY = "libc++";
				CLANG_ENABLE_MODULES = YES;
				CLANG_ENABLE_OBJC_ARC = YES;
				CLANG_ENABLE_OBJC_WEAK = YES;
				CLANG_WARN_BLOCK_CAPTURE_AUTORELEASING = YES;
				CLANG_WARN_BOOL_CONVERSION = YES;
				CLANG_WARN_COMMA = YES;
				CLANG_WARN_CONSTANT_CONVERSION = YES;
				CLANG_WARN_DEPRECATED_OBJC_IMPLEMENTATIONS = YES;
				CLANG_WARN_DIRECT_OBJC_ISA_USAGE = YES_ERROR;
				CLANG_WARN_DOCUMENTATION_COMMENTS = YES;
				CLANG_WARN_EMPTY_BODY = YES;
				CLANG_WARN_ENUM_CONVERSION = YES;
				CLANG_WARN_INFINITE_RECURSION = YES;
				CLANG_WARN_INT_CONVERSION = YES;
				CLANG_WARN_NON_LITERAL_NULL_CONVERSION = YES;
				CLANG_WARN_OBJC_IMPLICIT_RETAIN_SELF = YES;
				CLANG_WARN_OBJC_LITERAL_CONVERSION = YES;
				CLANG_WARN_OBJC_ROOT_CLASS = YES_ERROR;
				CLANG_WARN_QUOTED_INCLUDE_IN_FRAMEWORK_HEADER = YES;
				CLANG_WARN_RANGE_LOOP_ANALYSIS = YES;
				CLANG_WARN_STRICT_PROTOTYPES = YES;
				CLANG_WARN_SUSPICIOUS_MOVE = YES;
				CLANG_WARN_UNGUARDED_AVAILABILITY = YES_AGGRESSIVE;
				CLANG_WARN_UNREACHABLE_CODE = YES;
				CLANG_WARN__DUPLICATE_METHOD_MATCH = YES;
				COPY_PHASE_STRIP = NO;
				DEBUG_INFORMATION_FORMAT = dwarf;
				ENABLE_STRICT_OBJC_MSGSEND = YES;
				ENABLE_TESTABILITY = YES;
				GCC_C_LANGUAGE_STANDARD = gnu11;
				GCC_DYNAMIC_NO_PIC = NO;
				GCC_NO_COMMON_BLOCKS = YES;
				GCC_OPTIMIZATION_LEVEL = 0;
				GCC_PREPROCESSOR_DEFINITIONS = (
					"DEBUG=1",
					"$(inherited)",
				);
				GCC_WARN_64_TO_32_BIT_CONVERSION = YES;
				GCC_WARN_ABOUT_RETURN_TYPE = YES_ERROR;
				GCC_WARN_UNDECLARED_SELECTOR = YES;
				GCC_WARN_UNINITIALIZED_AUTOS = YES_AGGRESSIVE;
				GCC_WARN_UNUSED_FUNCTION = YES;
				GCC_WARN_UNUSED_VARIABLE = YES;
				IPHONEOS_DEPLOYMENT_TARGET = 15.0;
				MTL_ENABLE_DEBUG_INFO = INCLUDE_SOURCE;
				MTL_FAST_MATH = YES;
				ONLY_ACTIVE_ARCH = YES;
				SDKROOT = iphoneos;
				SWIFT_ACTIVE_COMPILATION_CONDITIONS = DEBUG;
				SWIFT_OPTIMIZATION_LEVEL = "-Onone";
			};
			name = Debug;
		};
		F928D82F272A7E020013DC31 /* Release */ = {
			isa = XCBuildConfiguration;
			buildSettings = {
				ALWAYS_SEARCH_USER_PATHS = NO;
				CLANG_ANALYZER_NONNULL = YES;
				CLANG_ANALYZER_NUMBER_OBJECT_CONVERSION = YES_AGGRESSIVE;
				CLANG_CXX_LANGUAGE_STANDARD = "gnu++17";
				CLANG_CXX_LIBRARY = "libc++";
				CLANG_ENABLE_MODULES = YES;
				CLANG_ENABLE_OBJC_ARC = YES;
				CLANG_ENABLE_OBJC_WEAK = YES;
				CLANG_WARN_BLOCK_CAPTURE_AUTORELEASING = YES;
				CLANG_WARN_BOOL_CONVERSION = YES;
				CLANG_WARN_COMMA = YES;
				CLANG_WARN_CONSTANT_CONVERSION = YES;
				CLANG_WARN_DEPRECATED_OBJC_IMPLEMENTATIONS = YES;
				CLANG_WARN_DIRECT_OBJC_ISA_USAGE = YES_ERROR;
				CLANG_WARN_DOCUMENTATION_COMMENTS = YES;
				CLANG_WARN_EMPTY_BODY = YES;
				CLANG_WARN_ENUM_CONVERSION = YES;
				CLANG_WARN_INFINITE_RECURSION = YES;
				CLANG_WARN_INT_CONVERSION = YES;
				CLANG_WARN_NON_LITERAL_NULL_CONVERSION = YES;
				CLANG_WARN_OBJC_IMPLICIT_RETAIN_SELF = YES;
				CLANG_WARN_OBJC_LITERAL_CONVERSION = YES;
				CLANG_WARN_OBJC_ROOT_CLASS = YES_ERROR;
				CLANG_WARN_QUOTED_INCLUDE_IN_FRAMEWORK_HEADER = YES;
				CLANG_WARN_RANGE_LOOP_ANALYSIS = YES;
				CLANG_WARN_STRICT_PROTOTYPES = YES;
				CLANG_WARN_SUSPICIOUS_MOVE = YES;
				CLANG_WARN_UNGUARDED_AVAILABILITY = YES_AGGRESSIVE;
				CLANG_WARN_UNREACHABLE_CODE = YES;
				CLANG_WARN__DUPLICATE_METHOD_MATCH = YES;
				COPY_PHASE_STRIP = NO;
				DEBUG_INFORMATION_FORMAT = "dwarf-with-dsym";
				ENABLE_NS_ASSERTIONS = NO;
				ENABLE_STRICT_OBJC_MSGSEND = YES;
				GCC_C_LANGUAGE_STANDARD = gnu11;
				GCC_NO_COMMON_BLOCKS = YES;
				GCC_WARN_64_TO_32_BIT_CONVERSION = YES;
				GCC_WARN_ABOUT_RETURN_TYPE = YES_ERROR;
				GCC_WARN_UNDECLARED_SELECTOR = YES;
				GCC_WARN_UNINITIALIZED_AUTOS = YES_AGGRESSIVE;
				GCC_WARN_UNUSED_FUNCTION = YES;
				GCC_WARN_UNUSED_VARIABLE = YES;
				IPHONEOS_DEPLOYMENT_TARGET = 15.0;
				MTL_ENABLE_DEBUG_INFO = NO;
				MTL_FAST_MATH = YES;
				SDKROOT = iphoneos;
				SWIFT_COMPILATION_MODE = wholemodule;
				SWIFT_OPTIMIZATION_LEVEL = "-O";
				VALIDATE_PRODUCT = YES;
			};
			name = Release;
		};
		F928D831272A7E020013DC31 /* Debug */ = {
			isa = XCBuildConfiguration;
			baseConfigurationReference = DB9740283C8AEEE38D8E3CE8 /* Pods-MoneyManagerDemo.debug.xcconfig */;
			buildSettings = {
				ASSETCATALOG_COMPILER_APPICON_NAME = AppIcon;
				ASSETCATALOG_COMPILER_GLOBAL_ACCENT_COLOR_NAME = AccentColor;
				CODE_SIGN_STYLE = Automatic;
				CURRENT_PROJECT_VERSION = 1;
				GENERATE_INFOPLIST_FILE = YES;
				INFOPLIST_FILE = MoneyManagerDemo/Info.plist;
				INFOPLIST_KEY_UIApplicationSupportsIndirectInputEvents = YES;
				INFOPLIST_KEY_UILaunchStoryboardName = LaunchScreen;
				INFOPLIST_KEY_UIMainStoryboardFile = Main;
				INFOPLIST_KEY_UISupportedInterfaceOrientations_iPad = "UIInterfaceOrientationPortrait UIInterfaceOrientationPortraitUpsideDown UIInterfaceOrientationLandscapeLeft UIInterfaceOrientationLandscapeRight";
				INFOPLIST_KEY_UISupportedInterfaceOrientations_iPhone = "UIInterfaceOrientationPortrait UIInterfaceOrientationLandscapeLeft UIInterfaceOrientationLandscapeRight";
				LD_RUNPATH_SEARCH_PATHS = (
					"$(inherited)",
					"@executable_path/Frameworks",
				);
				MARKETING_VERSION = 1.0;
				PRODUCT_BUNDLE_IDENTIFIER = com.julien.MoneyManagerDemo;
				PRODUCT_NAME = "$(TARGET_NAME)";
				SWIFT_EMIT_LOC_STRINGS = YES;
				SWIFT_VERSION = 5.0;
				TARGETED_DEVICE_FAMILY = "1,2";
			};
			name = Debug;
		};
		F928D832272A7E020013DC31 /* Release */ = {
			isa = XCBuildConfiguration;
			baseConfigurationReference = B370E2C218DE3FC2F44D832C /* Pods-MoneyManagerDemo.release.xcconfig */;
			buildSettings = {
				ASSETCATALOG_COMPILER_APPICON_NAME = AppIcon;
				ASSETCATALOG_COMPILER_GLOBAL_ACCENT_COLOR_NAME = AccentColor;
				CODE_SIGN_STYLE = Automatic;
				CURRENT_PROJECT_VERSION = 1;
				GENERATE_INFOPLIST_FILE = YES;
				INFOPLIST_FILE = MoneyManagerDemo/Info.plist;
				INFOPLIST_KEY_UIApplicationSupportsIndirectInputEvents = YES;
				INFOPLIST_KEY_UILaunchStoryboardName = LaunchScreen;
				INFOPLIST_KEY_UIMainStoryboardFile = Main;
				INFOPLIST_KEY_UISupportedInterfaceOrientations_iPad = "UIInterfaceOrientationPortrait UIInterfaceOrientationPortraitUpsideDown UIInterfaceOrientationLandscapeLeft UIInterfaceOrientationLandscapeRight";
				INFOPLIST_KEY_UISupportedInterfaceOrientations_iPhone = "UIInterfaceOrientationPortrait UIInterfaceOrientationLandscapeLeft UIInterfaceOrientationLandscapeRight";
				LD_RUNPATH_SEARCH_PATHS = (
					"$(inherited)",
					"@executable_path/Frameworks",
				);
				MARKETING_VERSION = 1.0;
				PRODUCT_BUNDLE_IDENTIFIER = com.julien.MoneyManagerDemo;
				PRODUCT_NAME = "$(TARGET_NAME)";
				SWIFT_EMIT_LOC_STRINGS = YES;
				SWIFT_VERSION = 5.0;
				TARGETED_DEVICE_FAMILY = "1,2";
			};
			name = Release;
		};
/* End XCBuildConfiguration section */

/* Begin XCConfigurationList section */
		F928D817272A7DFF0013DC31 /* Build configuration list for PBXProject "MoneyManagerDemo" */ = {
			isa = XCConfigurationList;
			buildConfigurations = (
				F928D82E272A7E020013DC31 /* Debug */,
				F928D82F272A7E020013DC31 /* Release */,
			);
			defaultConfigurationIsVisible = 0;
			defaultConfigurationName = Release;
		};
		F928D830272A7E020013DC31 /* Build configuration list for PBXNativeTarget "MoneyManagerDemo" */ = {
			isa = XCConfigurationList;
			buildConfigurations = (
				F928D831272A7E020013DC31 /* Debug */,
				F928D832272A7E020013DC31 /* Release */,
			);
			defaultConfigurationIsVisible = 0;
			defaultConfigurationName = Release;
		};
/* End XCConfigurationList section */
	};
	rootObject = F928D814272A7DFF0013DC31 /* Project object */;
}
